<?xml version="1.0" encoding="utf-8"?>
<Project ToolsVersion="4.0" xmlns="http://schemas.microsoft.com/developer/msbuild/2003">
  <ItemGroup>
    <ClCompile Include="..\..\..\..\src\math.cpp">
      <Filter>blib3d</Filter>
    </ClCompile>
    <ClCompile Include="..\..\..\..\src\raster.cpp">
      <Filter>blib3d</Filter>
    </ClCompile>
    <ClCompile Include="..\..\..\..\src\render.cpp">
      <Filter>blib3d</Filter>
    </ClCompile>
    <ClCompile Include="..\..\..\..\src\timer.cpp">
      <Filter>blib3d</Filter>
    </ClCompile>
    <ClCompile Include="..\..\..\..\src\view.cpp">
      <Filter>blib3d</Filter>
    </ClCompile>
    <ClCompile Include="..\..\brick.c" />
    <ClCompile Include="..\..\main.cpp" />
  </ItemGroup>
  <ItemGroup>
    <Filter Include="blib3d">
      <UniqueIdentifier>{e4ed2ecb-7cf6-4237-b75a-8ca3da598f08}</UniqueIdentifier>
    </Filter>
  </ItemGroup>
  <ItemGroup>
    <ClInclude Include="..\..\..\..\src\math.hpp">
      <Filter>blib3d</Filter>
    </ClInclude>
    <ClInclude Include="..\..\..\..\src\raster.hpp">
      <Filter>blib3d</Filter>
    </ClInclude>
    <ClInclude Include="..\..\..\..\src\raster_fill.hpp">
      <Filter>blib3d</Filter>
    </ClInclude>
    <ClInclude Include="..\..\..\..\src\raster_interp.hpp">
      <Filter>blib3d</Filter>
    </ClInclude>
    <ClInclude Include="..\..\..\..\src\render.hpp">
      <Filter>blib3d</Filter>
    </ClInclude>
    <ClInclude Include="..\..\..\..\src\shared.hpp">
      <Filter>blib3d</Filter>
    </ClInclude>
    <ClInclude Include="..\..\..\..\src\timer.hpp">
      <Filter>blib3d</Filter>
    </ClInclude>
    <ClInclude Include="..\..\..\..\src\view.hpp">
      <Filter>blib3d</Filter>
    </ClInclude>
  </ItemGroup>
</Project>